# This file is automatically @generated by Poetry 2.0.1 and should not be changed by hand.

[[package]]
name = "oxrdflib"
version = "0.5.0"
description = "rdflib stores based on pyoxigraph"
optional = false
python-versions = ">=3.8"
groups = ["main"]
files = [
    {file = "oxrdflib-0.5.0-py3-none-any.whl", hash = "sha256:dbe7b57bddca1b2acaf93c71ce3cf2022be8e673052e05ad317682cb9c56b559"},
    {file = "oxrdflib-0.5.0.tar.gz", hash = "sha256:f83148e2c6d443f7718c6e8936c6b89e36ebb4f1002da69e8f0656e8fb5a0df2"},
]

[package.dependencies]
pyoxigraph = ">=0.5.0,<0.6.0"
rdflib = ">=6.3,<8.0"

[[package]]
name = "pyoxigraph"
version = "0.5.2"
description = "Python bindings of Oxigraph, a SPARQL database and RDF toolkit"
optional = false
python-versions = ">=3.8"
groups = ["main"]
files = [
    {file = "pyoxigraph-0.5.2-cp310-cp310-manylinux_2_28_aarch64.whl", hash = "sha256:ee05b356ed70045a6979d4f9d3252de8183c476eb7294cacbb179f67a1bb799b"},
    {file = "pyoxigraph-0.5.2-cp310-cp310-manylinux_2_28_x86_64.whl", hash = "sha256:4ed704d902ad186e505f0a70c3578492b330fdf7f1a9ddf18e1cca710bbef290"},
    {file = "pyoxigraph-0.5.2-cp310-cp310-musllinux_1_2_aarch64.whl", hash = "sha256:54517269ddfeace51772c8bb4ace190349f3b50433a9084c7a9dc78031773255"},
    {file = "pyoxigraph-0.5.2-cp310-cp310-musllinux_1_2_x86_64.whl", hash = "sha256:73547e803b0b44e91b65ffc75fec5f81119a557a9a62a32ba2ab3e5484ce4709"},
    {file = "pyoxigraph-0.5.2-cp310-cp310-win_amd64.whl", hash = "sha256:766a5e3ae963f786d3b311d531b39b39caee07ed95d567567647fde1ac998d5e"},
    {file = "pyoxigraph-0.5.2-cp311-cp311-manylinux_2_28_aarch64.whl", hash = "sha256:b9dc93a0b33d54d1e766401c8d1cbbf3780646bd62fe15c2653d6d806af25390"},
    {file = "pyoxigraph-0.5.2-cp311-cp311-manylinux_2_28_x86_64.whl", hash = "sha256:04263ea2f46eb3930268f3c8e0cf9f5054fa9a1d016fce9184d8401a59a01369"},
    {file = "pyoxigraph-0.5.2-cp311-cp311-musllinux_1_2_aarch64.whl", hash = "sha256:7aa8c24f5b88c37783cc73c77800f3e245599d93229ca83c4bcfce55ea9105bc"},
    {file = "pyoxigraph-0.5.2-cp311-cp311-musllinux_1_2_x86_64.whl", hash = "sha256:cffb74bea40acac3266cc1943b98416d3a2a3016b6dbf88e26283e4567d83943"},
    {file = "pyoxigraph-0.5.2-cp311-cp311-win_amd64.whl", hash = "sha256:5113b4eeadf404e3702e7442319b33c4b4509441f536c201c1c5eb6827910580"},
    {file = "pyoxigraph-0.5.2-cp312-cp312-manylinux_2_28_aarch64.whl", hash = "sha256:5444668b7ff03ffb4d52021a3103989005bcefa5bebbe89f4dd00618f5707fd1"},
    {file = "pyoxigraph-0.5.2-cp312-cp312-manylinux_2_28_x86_64.whl", hash = "sha256:ccb7704757f63c8db18c74145edaf0dfeee0c4cb7d77cc5713a22926551d5895"},
    {file = "pyoxigraph-0.5.2-cp312-cp312-musllinux_1_2_aarch64.whl", hash = "sha256:574af783d2a0ab6886eee54a6ed7f24c5362c7f2f15bd98286e1fe5135bb1744"},
    {file = "pyoxigraph-0.5.2-cp312-cp312-musllinux_1_2_x86_64.whl", hash = "sha256:7c55dce41a2b90e9db3f685207b96f9efc153e1e5203d482566d10f2c5aa45eb"},
    {file = "pyoxigraph-0.5.2-cp312-cp312-win_amd64.whl", hash = "sha256:d694d561c420c1f20ec985fcd7cb4ae29f16c18a46c0b6854627944ad9ec9d7e"},
    {file = "pyoxigraph-0.5.2-cp312-cp312-win_arm64.whl", hash = "sha256:17a192a9bdae116d6dc6caa3566515dd5631398ec459859792b12e9e29c08ad4"},
    {file = "pyoxigraph-0.5.2-cp313-cp313-manylinux_2_28_aarch64.whl", hash = "sha256:779feb194756079187c40295cec1d27addc0253ed67aa734a1014a4e1396bb5b"},
    {file = "pyoxigraph-0.5.2-cp313-cp313-manylinux_2_28_x86_64.whl", hash = "sha256:bda1e99422fe017769611b82d62a22059bb427e2028c419af885f9c041eb5b6a"},
    {file = "pyoxigraph-0.5.2-cp313-cp313-musllinux_1_2_aarch64.whl", hash = "sha256:e5258ba15c4730a24cb27aabf8a6229f49c7d0fe4dfecb742763582376b94c8c"},
    {file = "pyoxigraph-0.5.2-cp313-cp313-musllinux_1_2_x86_64.whl", hash = "sha256:984641594ed525eed02686ce0b411aca9b5545e2f0cc55893bc25a348d98d219"},
    {file = "pyoxigraph-0.5.2-cp313-cp313-win_amd64.whl", hash = "sha256:39f069faaa80aba6fd472eb9cb6358863f9ba30b7c78718d78b3f2756e97476b"},
    {file = "pyoxigraph-0.5.2-cp313-cp313-win_arm64.whl", hash = "sha256:10ec2dfda49ef8d08ef2e23c0790e8b075d459e7bc4f3db7a1375ae6011b3219"},
    {file = "pyoxigraph-0.5.2-cp313-cp313t-manylinux_2_28_aarch64.whl", hash = "sha256:c18ea3887fbb6e45be92ad03b9075ede4562a4ade3c4876a1c45c39e904b9626"},
    {file = "pyoxigraph-0.5.2-cp313-cp313t-manylinux_2_28_x86_64.whl", hash = "sha256:44180fe1ad04d710abc8122a46c96e8b76c403ce22b984678c016f4cfea8844c"},
    {file = "pyoxigraph-0.5.2-cp313-cp313t-musllinux_1_2_aarch64.whl", hash = "sha256:7e16d11af38def47b8dfdc112859ced719fbb715add0e2bb5a727ae45210d0d3"},
    {file = "pyoxigraph-0.5.2-cp313-cp313t-musllinux_1_2_x86_64.whl", hash = "sha256:b53515b92699a328a0bfa9237e391f3f340ae7d06c2305dac4bfcd0048926a37"},
    {file = "pyoxigraph-0.5.2-cp313-cp313t-win_amd64.whl", hash = "sha256:fe6a8c9715e80cbef0ba570960d43d0f52a5df983fce6f3ee28a01c8a67bbb1f"},
    {file = "pyoxigraph-0.5.2-cp314-cp314-manylinux_2_28_aarch64.whl", hash = "sha256:501c510f0e4e527ad9cd2eb7a21f1a288568cbccd7c4dd3013d71824641bdb93"},
    {file = "pyoxigraph-0.5.2-cp314-cp314-manylinux_2_28_x86_64.whl", hash = "sha256:befc614fb13dc3e6438b443ba8cefe4e93dabe5b9b07ae0225bea03c375e7c9f"},
    {file = "pyoxigraph-0.5.2-cp314-cp314-musllinux_1_2_aarch64.whl", hash = "sha256:7eb9681457bdb6f07be9a6a1f58231deb34260cfecd44cdb4dfaa13b2f691844"},
    {file = "pyoxigraph-0.5.2-cp314-cp314-musllinux_1_2_x86_64.whl", hash = "sha256:a580b7419a9f448da1849cf5411bd76ebae1bee5fc0e5176e08a731a2f030475"},
    {file = "pyoxigraph-0.5.2-cp314-cp314-win_amd64.whl", hash = "sha256:81cd4fce740fd39cc571f358e34b02ab35915c158f317813dd66ff21eb96e5e2"},
    {file = "pyoxigraph-0.5.2-cp314-cp314t-manylinux_2_28_aarch64.whl", hash = "sha256:dc71400935ea9218eb11d1c4e382f1681e50e87096d31b675a5cd11725200774"},
    {file = "pyoxigraph-0.5.2-cp314-cp314t-manylinux_2_28_x86_64.whl", hash = "sha256:8d71a411b690ffb7fba3af57c79d2b564bd6acf9d588ae2388b14fa34bc6c49b"},
    {file = "pyoxigraph-0.5.2-cp314-cp314t-musllinux_1_2_aarch64.whl", hash = "sha256:be87ad15643274fbded985125aaa07961f09c3740f6beedc207743313e30c428"},
    {file = "pyoxigraph-0.5.2-cp314-cp314t-musllinux_1_2_x86_64.whl", hash = "sha256:d7f6cd17e2c66623428b788aca82bcbb56e9f8b11b1d31d654c242f11b404d08"},
    {file = "pyoxigraph-0.5.2-cp314-cp314t-win_amd64.whl", hash = "sha256:ad2f1cc91196511a5cf3ee5b89c2e87f706543a5d266be003b3bbfa37fe857f7"},
    {file = "pyoxigraph-0.5.2-cp38-abi3-macosx_10_14_x86_64.whl", hash = "sha256:922a75718d50e1a6621c63b33e4268b83dae467fbb6949f1ee0d36abb1728f57"},
    {file = "pyoxigraph-0.5.2-cp38-abi3-macosx_11_0_arm64.whl", hash = "sha256:1f869c77720e8628a35c9ea87c0254e81eab91ff8a61df1cd9eb82c9258a53c3"},
    {file = "pyoxigraph-0.5.2-cp38-abi3-manylinux_2_28_aarch64.whl", hash = "sha256:9e0bbad7a72a39a1039869950d147328db67c31da01144f7138cd0b3ee206c49"},
    {file = "pyoxigraph-0.5.2-cp38-abi3-manylinux_2_28_x86_64.whl", hash = "sha256:f52e7e47ff11b7b9510a6810de132c1613aa543ad6305d95de3fcb93b4c1f6ee"},
    {file = "pyoxigraph-0.5.2-cp38-abi3-musllinux_1_2_aarch64.whl", hash = "sha256:0bfece64284d917f180c353ce73be4798ba6ae7b85a7025dc012d7de6d2f2621"},
    {file = "pyoxigraph-0.5.2-cp38-abi3-musllinux_1_2_x86_64.whl", hash = "sha256:3da7ec6e2dcc34db9301d7d876defceb3bb88814f5c19c5c77a83585e8a89a82"},
    {file = "pyoxigraph-0.5.2-cp38-abi3-win_amd64.whl", hash = "sha256:3e8321a848d5f3cde90416f98f1968e4561c2287dca854f9b9f6b34ec7b298a9"},
    {file = "pyoxigraph-0.5.2-cp38-abi3-win_arm64.whl", hash = "sha256:ee7a1a3d9b145e443424b83287391926316bddebc19431410c5923e1019d7d43"},
    {file = "pyoxigraph-0.5.2-cp38-cp38-manylinux_2_28_aarch64.whl", hash = "sha256:4a0d6ebfb5e16b2e037c6f654be93402c2f0fb0f2d6e369d5f2dd519bfd573a7"},
    {file = "pyoxigraph-0.5.2-cp38-cp38-manylinux_2_28_x86_64.whl", hash = "sha256:28923d6018a3218ad5d642d4f5f535254af777605ddd9e31fdfb8ac4f959d5a6"},
    {file = "pyoxigraph-0.5.2-cp38-cp38-musllinux_1_2_aarch64.whl", hash = "sha256:d4550b402cbc3319694a237685519593258ff07e61a36b33dc364ed75366691d"},
    {file = "pyoxigraph-0.5.2-cp38-cp38-musllinux_1_2_x86_64.whl", hash = "sha256:b98f53e6f539eb0c858595fc7693836db586755946fad11e02f589e1fb9981fd"},
    {file = "pyoxigraph-0.5.2-cp38-cp38-win_amd64.whl", hash = "sha256:03dd12010ef190a05882f60eb1640865377bc997e6b937aa9e53a0f269f62f96"},
    {file = "pyoxigraph-0.5.2-cp39-cp39-manylinux_2_28_aarch64.whl", hash = "sha256:0201e51e6d102e8a71dd6e2c49c0b9dec7df8336648aceb1c0391dd68a6ac011"},
    {file = "pyoxigraph-0.5.2-cp39-cp39-manylinux_2_28_x86_64.whl", hash = "sha256:d06748ca24384119a3a81a03600fcc894c91ad7d3bcfaccac811a4660ac4dd45"},
    {file = "pyoxigraph-0.5.2-cp39-cp39-musllinux_1_2_aarch64.whl", hash = "sha256:a367928eafec46a0502b1af661f62d58661b77b08d57a99127bd3e2dd3c3b820"},
    {file = "pyoxigraph-0.5.2-cp39-cp39-musllinux_1_2_x86_64.whl", hash = "sha256:7b762ede671c3c88d055ad306658e17a5197e32ddf67a381582b57efca55e16f"},
    {file = "pyoxigraph-0.5.2-cp39-cp39-win_amd64.whl", hash = "sha256:b0bb6b1fdce35626c1d3a4ff0ad8d892590c7017562a87aa14b9dff35d6c5d55"},
    {file = "pyoxigraph-0.5.2-pp311-pypy311_pp73-manylinux_2_28_aarch64.whl", hash = "sha256:a14332c68aab1257114277c9c0931cd7845a67c14358552dfed8023e8cfa18f0"},
    {file = "pyoxigraph-0.5.2-pp311-pypy311_pp73-manylinux_2_28_x86_64.whl", hash = "sha256:49c58dd5f5400ab0290d79bdb9e9aacb99141522adca6caf75e1c6fb6e5003d5"},
    {file = "pyoxigraph-0.5.2-pp311-pypy311_pp73-win_amd64.whl", hash = "sha256:cfcef2dbe3bce9267807b83d5127d614dcf92e609a28f5e06cf7cf03f9b330a0"},
    {file = "pyoxigraph-0.5.2.tar.gz", hash = "sha256:83d540eaaa758361205fd374cd3c9afa4b6f321ff47cfdd957ec956799c103fa"},
]

[[package]]
name = "pyparsing"
version = "3.2.5"
description = "pyparsing - Classes and methods to define and execute parsing grammars"
optional = false
python-versions = ">=3.9"
groups = ["main"]
files = [
    {file = "pyparsing-3.2.5-py3-none-any.whl", hash = "sha256:e38a4f02064cf41fe6593d328d0512495ad1f3d8a91c4f73fc401b3079a59a5e"},
    {file = "pyparsing-3.2.5.tar.gz", hash = "sha256:2df8d5b7b2802ef88e8d016a2eb9c7aeaa923529cd251ed0fe4608275d4105b6"},
]

[package.extras]
diagrams = ["jinja2", "railroad-diagrams"]

[[package]]
name = "rdflib"
version = "7.4.0"
description = "RDFLib is a Python library for working with RDF, a simple yet powerful language for representing information."
optional = false
python-versions = ">=3.8.1"
groups = ["main"]
files = [
    {file = "rdflib-7.4.0-py3-none-any.whl", hash = "sha256:0af003470404ff21bc0eb04077cc97ee96da581f2429bf42a8e163fc1c2797bc"},
    {file = "rdflib-7.4.0.tar.gz", hash = "sha256:c8ee16c31848c19c174aed96185327ea139ca3d392fac7fa882ddf5687f8f533"},
]

[package.dependencies]
pyparsing = ">=2.1.0,<4"

[package.extras]
berkeleydb = ["berkeleydb (>=18.1.0,<19.0.0)"]
html = ["html5rdf (>=1.2,<2)"]
lxml = ["lxml (>=4.3,<6.0)"]
networkx = ["networkx (>=2,<4)"]
orjson = ["orjson (>=3.9.14,<4)"]

[metadata]
lock-version = "2.1"
python-versions = ">=3.12"
content-hash = "1025105098c984ba65deabf358b3677ef116f9b53a290c174cfd6b13f1b9a79e"
